
Microsoft Visual Studio Solution File, Format Version 12.00
# Visual Studio Version 17
VisualStudioVersion = 17.5.33627.172
MinimumVisualStudioVersion = 10.0.40219.1
Project("{FAE04EC0-301F-11D3-BF4B-00C04F79EFBC}") = "LeaveManagement.Web", "LeaveManagement.Web\LeaveManagement.Web.csproj", "{426A2E78-3591-454F-B9BD-838F47311211}"
EndProject
Global
	GlobalSection(SolutionConfigurationPlatforms) = preSolution
		Debug|Any CPU = Debug|Any CPU
		Release|Any CPU = Release|Any CPU
	EndGlobalSection
	GlobalSection(ProjectConfigurationPlatforms) = postSolution
		{426A2E78-3591-454F-B9BD-838F47311211}.Debug|Any CPU.ActiveCfg = Debug|Any CPU
		{426A2E78-3591-454F-B9BD-838F47311211}.Debug|Any CPU.Build.0 = Debug|Any CPU
		{426A2E78-3591-454F-B9BD-838F47311211}.Release|Any CPU.ActiveCfg = Release|Any CPU
		{426A2E78-3591-454F-B9BD-838F47311211}.Release|Any CPU.Build.0 = Release|Any CPU
	EndGlobalSection
	GlobalSection(SolutionProperties) = preSolution
		HideSolutionNode = FALSE
	EndGlobalSection
	GlobalSection(ExtensibilityGlobals) = postSolution
		SolutionGuid = {A32A4BB8-763D-4385-9FB0-23B40B042C68}
	EndGlobalSection
EndGlobal
